{
  "name": "open-source-guide",
  "requires": true,
  "lockfileVersion": 1,
  "dependencies": {
    "primer-base": {
      "version": "1.7.4",
      "resolved": "https://registry.npmjs.org/primer-base/-/primer-base-1.7.4.tgz",
      "integrity": "sha1-SAPOtnCuzsMr6lZnIyOga/zoz4s=",
      "requires": {
        "primer-support": "4.6.0"
      }
    },
    "primer-box": {
      "version": "2.5.9",
      "resolved": "https://registry.npmjs.org/primer-box/-/primer-box-2.5.9.tgz",
      "integrity": "sha1-sRI2W1dWalOxtKCN4zIAdmXBBxM=",
      "requires": {
        "primer-support": "4.6.0"
      }
    },
    "primer-breadcrumb": {
      "version": "1.5.5",
      "resolved": "https://registry.npmjs.org/primer-breadcrumb/-/primer-breadcrumb-1.5.5.tgz",
      "integrity": "sha1-O3cGiqz9qg94wMpqYiraGi2fSUU=",
      "requires": {
        "primer-support": "4.6.0"
      }
    },
    "primer-buttons": {
      "version": "2.6.0",
      "resolved": "https://registry.npmjs.org/primer-buttons/-/primer-buttons-2.6.0.tgz",
      "integrity": "sha1-gCb4oWoUIB8ph6C0MLr172dR2Vw=",
      "requires": {
        "primer-support": "4.6.0"
      }
    },
    "primer-core": {
      "version": "6.10.3",
      "resolved": "https://registry.npmjs.org/primer-core/-/primer-core-6.10.3.tgz",
      "integrity": "sha1-ySoguR9Kz28qvyA1u1xA4SpH+h8=",
      "requires": {
        "primer-base": "1.7.4",
        "primer-box": "2.5.9",
        "primer-breadcrumb": "1.5.5",
        "primer-buttons": "2.6.0",
        "primer-forms": "2.1.4",
        "primer-layout": "1.4.9",
        "primer-navigation": "1.5.7",
        "primer-pagination": "1.0.3",
        "primer-support": "4.6.0",
        "primer-table-object": "1.4.9",
        "primer-tooltips": "1.5.7",
        "primer-truncate": "1.4.9",
        "primer-utilities": "4.12.0"
      }
    },
    "primer-forms": {
      "version": "2.1.4",
      "resolved": "https://registry.npmjs.org/primer-forms/-/primer-forms-2.1.4.tgz",
      "integrity": "sha1-VfsMJTGtMDxVZclAHuSf6bw87Qk=",
      "requires": {
        "primer-support": "4.6.0"
      }
    },
    "primer-layout": {
      "version": "1.4.9",
      "resolved": "https://registry.npmjs.org/primer-layout/-/primer-layout-1.4.9.tgz",
      "integrity": "sha1-IfCmTBI8ZzH0T6EMI2pTJz5f09Y=",
      "requires": {
        "primer-support": "4.6.0"
      }
    },
    "primer-marketing": {
      "version": "6.3.3",
      "resolved": "https://registry.npmjs.org/primer-marketing/-/primer-marketing-6.3.3.tgz",
      "integrity": "sha512-vmR/YkOlFnQVQSxluXe5lbkH+B7Z2tirgCDGVp+SD9Zs+FJ6YRELmw6cjm0okVkH9205qcMvy9INOunkhKrktw==",
      "requires": {
        "primer-marketing-buttons": "1.0.13",
        "primer-marketing-support": "1.5.6",
        "primer-marketing-type": "1.4.13",
        "primer-marketing-utilities": "1.7.3",
        "primer-page-headers": "1.5.3",
        "primer-page-sections": "1.5.3",
        "primer-support": "4.7.2",
        "primer-tables": "1.5.3"
      },
      "dependencies": {
        "primer-support": {
          "version": "4.7.2",
          "resolved": "https://registry.npmjs.org/primer-support/-/primer-support-4.7.2.tgz",
          "integrity": "sha512-WbfjjITtGV6iXQeaVPL+AzHj1Jv9RHJRp7kIu5ebFXwolWmCqTBpA/8VmWmssyeTfv8zR7iuCoT0UoBF+uGHww=="
        }
      }
    },
    "primer-marketing-buttons": {
      "version": "1.0.13",
      "resolved": "https://registry.npmjs.org/primer-marketing-buttons/-/primer-marketing-buttons-1.0.13.tgz",
      "integrity": "sha512-1MzzrG/68zaEcQypG50uELwQ4MHH9b8aTy3jXxayZRc1qvZaLh5SEcSIHWe5lMIZk8qrtYhr22py9+kibyTKIQ==",
      "requires": {
        "primer-support": "4.7.2"
      },
      "dependencies": {
        "primer-support": {
          "version": "4.7.2",
          "resolved": "https://registry.npmjs.org/primer-support/-/primer-support-4.7.2.tgz",
          "integrity": "sha512-WbfjjITtGV6iXQeaVPL+AzHj1Jv9RHJRp7kIu5ebFXwolWmCqTBpA/8VmWmssyeTfv8zR7iuCoT0UoBF+uGHww=="
        }
      }
    },
    "primer-marketing-support": {
      "version": "1.5.6",
      "resolved": "https://registry.npmjs.org/primer-marketing-support/-/primer-marketing-support-1.5.6.tgz",
      "integrity": "sha512-YU8ein52s/W+s4a4hHZZJbHURfz2FLI5ItrUxqaqJjcT0O2bALP/JbuCZDrbvWxuOSK4kbF22ANmmMGWFIzp/Q=="
    },
    "primer-marketing-type": {
      "version": "1.4.13",
      "resolved": "https://registry.npmjs.org/primer-marketing-type/-/primer-marketing-type-1.4.13.tgz",
      "integrity": "sha512-ke6l3zgc4mF5ArDzZB1TJ5VHbZG2/uwekVROLQOK4v7XI0MkYZWA9tI+k8UhaFLSsw0vGqxM2ibKUzsQH61C8g==",
      "requires": {
        "primer-marketing-support": "1.5.6",
        "primer-support": "4.7.2"
      },
      "dependencies": {
        "primer-support": {
          "version": "4.7.2",
          "resolved": "https://registry.npmjs.org/primer-support/-/primer-support-4.7.2.tgz",
          "integrity": "sha512-WbfjjITtGV6iXQeaVPL+AzHj1Jv9RHJRp7kIu5ebFXwolWmCqTBpA/8VmWmssyeTfv8zR7iuCoT0UoBF+uGHww=="
        }
      }
    },
    "primer-marketing-utilities": {
      "version": "1.7.3",
      "resolved": "https://registry.npmjs.org/primer-marketing-utilities/-/primer-marketing-utilities-1.7.3.tgz",
      "integrity": "sha512-YYDPgyC0G65tPHwZ6ktxfEAqUkJlU2sZjzdcH7thlcg83/UqiZfgmgiiBAxdMjrACY7Q2X9HaHicr5F4rmPhPw==",
      "requires": {
        "primer-marketing-support": "1.5.6",
        "primer-support": "4.7.2"
      },
      "dependencies": {
        "primer-support": {
          "version": "4.7.2",
          "resolved": "https://registry.npmjs.org/primer-support/-/primer-support-4.7.2.tgz",
          "integrity": "sha512-WbfjjITtGV6iXQeaVPL+AzHj1Jv9RHJRp7kIu5ebFXwolWmCqTBpA/8VmWmssyeTfv8zR7iuCoT0UoBF+uGHww=="
        }
      }
    },
    "primer-navigation": {
      "version": "1.5.7",
      "resolved": "https://registry.npmjs.org/primer-navigation/-/primer-navigation-1.5.7.tgz",
      "integrity": "sha1-HNaj0GND2FuwZI4LI05SNA6XS8s=",
      "requires": {
        "primer-support": "4.6.0"
      }
    },
    "primer-page-headers": {
      "version": "1.5.3",
      "resolved": "https://registry.npmjs.org/primer-page-headers/-/primer-page-headers-1.5.3.tgz",
      "integrity": "sha512-SVgAnr1jz/8qNhr+LsQayHGGICi1pCfBJV2R+zhcooDJC29ddSoTW+LpwvBj1P68c7sJfaMPRmlcq0hUGGG/Pw==",
      "requires": {
        "primer-marketing-support": "1.5.6",
        "primer-support": "4.7.2"
      },
      "dependencies": {
        "primer-support": {
          "version": "4.7.2",
          "resolved": "https://registry.npmjs.org/primer-support/-/primer-support-4.7.2.tgz",
          "integrity": "sha512-WbfjjITtGV6iXQeaVPL+AzHj1Jv9RHJRp7kIu5ebFXwolWmCqTBpA/8VmWmssyeTfv8zR7iuCoT0UoBF+uGHww=="
        }
      }
    },
    "primer-page-sections": {
      "version": "1.5.3",
      "resolved": "https://registry.npmjs.org/primer-page-sections/-/primer-page-sections-1.5.3.tgz",
      "integrity": "sha512-xaj6v+v3FvaSMVFDZAYsrObkvOviPwxYZt0rrkMeoyhrMVG2uB3nD3Kmu3st9UbwobdXjMTSKPkKBcarckwhuw==",
      "requires": {
        "primer-marketing-support": "1.5.6",
        "primer-support": "4.7.2"
      },
      "dependencies": {
        "primer-support": {
          "version": "4.7.2",
          "resolved": "https://registry.npmjs.org/primer-support/-/primer-support-4.7.2.tgz",
          "integrity": "sha512-WbfjjITtGV6iXQeaVPL+AzHj1Jv9RHJRp7kIu5ebFXwolWmCqTBpA/8VmWmssyeTfv8zR7iuCoT0UoBF+uGHww=="
        }
      }
    },
    "primer-pagination": {
      "version": "1.0.3",
      "resolved": "https://registry.npmjs.org/primer-pagination/-/primer-pagination-1.0.3.tgz",
      "integrity": "sha1-97g6SMUO3YgkTaU2gtyrn2aAkfs=",
      "requires": {
        "primer-support": "4.6.0"
      }
    },
    "primer-support": {
      "version": "4.6.0",
      "resolved": "https://registry.npmjs.org/primer-support/-/primer-support-4.6.0.tgz",
      "integrity": "sha1-Qq0w6+ox9/q7UpEnsyhk1sv8Kzw="
    },
    "primer-table-object": {
      "version": "1.4.9",
      "resolved": "https://registry.npmjs.org/primer-table-object/-/primer-table-object-1.4.9.tgz",
      "integrity": "sha1-9h9QgWrmhRgl/8trs6oVGvBF/WQ=",
      "requires": {
        "primer-support": "4.6.0"
      }
    },
    "primer-tables": {
      "version": "1.5.3",
      "resolved": "https://registry.npmjs.org/primer-tables/-/primer-tables-1.5.3.tgz",
      "integrity": "sha512-ZTBG2qQvE9qKI8N7sdN39F8y5sckDRSFR4JkTVQqujrXwoK7kGeqdNXirKFSuzSyW9MnBt02tOTQ65xC0xl3sg==",
      "requires": {
        "primer-marketing-support": "1.5.6",
        "primer-support": "4.7.2"
      },
      "dependencies": {
        "primer-support": {
          "version": "4.7.2",
          "resolved": "https://registry.npmjs.org/primer-support/-/primer-support-4.7.2.tgz",
          "integrity": "sha512-WbfjjITtGV6iXQeaVPL+AzHj1Jv9RHJRp7kIu5ebFXwolWmCqTBpA/8VmWmssyeTfv8zR7iuCoT0UoBF+uGHww=="
        }
      }
    },
    "primer-tooltips": {
      "version": "1.5.7",
      "resolved": "https://registry.npmjs.org/primer-tooltips/-/primer-tooltips-1.5.7.tgz",
      "integrity": "sha1-Z+/WldYEKspYWj3MJ1WUxdjXE1s=",
      "requires": {
        "primer-support": "4.6.0"
      }
    },
    "primer-truncate": {
      "version": "1.4.9",
      "resolved": "https://registry.npmjs.org/primer-truncate/-/primer-truncate-1.4.9.tgz",
      "integrity": "sha1-XAPkC9aUQ7TrmTG7/pra+Qfu3+8=",
      "requires": {
        "primer-support": "4.6.0"
      }
    },
    "primer-utilities": {
      "version": "4.12.0",
      "resolved": "https://registry.npmjs.org/primer-utilities/-/primer-utilities-4.12.0.tgz",
      "integrity": "sha1-eu5Y11ouIzJvas/kG1W7ySjSJE4=",
      "requires": {
        "primer-support": "4.6.0"
      }
    }
  }
}
