{
  "name": "open-source-guide",
  "requires": true,
  "lockfileVersion": 1,
  "dependencies": {
    "primer-base": {
      "version": "1.7.4",
      "resolved": "https://registry.npmjs.org/primer-base/-/primer-base-1.7.4.tgz",
      "integrity": "sha1-SAPOtnCuzsMr6lZnIyOga/zoz4s=",
      "requires": {
        "primer-support": "4.6.0"
      }
    },
    "primer-box": {
      "version": "2.5.9",
      "resolved": "https://registry.npmjs.org/primer-box/-/primer-box-2.5.9.tgz",
      "integrity": "sha1-sRI2W1dWalOxtKCN4zIAdmXBBxM=",
      "requires": {
        "primer-support": "4.6.0"
      }
    },
    "primer-breadcrumb": {
      "version": "1.5.5",
      "resolved": "https://registry.npmjs.org/primer-breadcrumb/-/primer-breadcrumb-1.5.5.tgz",
      "integrity": "sha1-O3cGiqz9qg94wMpqYiraGi2fSUU=",
      "requires": {
        "primer-support": "4.6.0"
      }
    },
    "primer-buttons": {
      "version": "2.6.0",
      "resolved": "https://registry.npmjs.org/primer-buttons/-/primer-buttons-2.6.0.tgz",
      "integrity": "sha1-gCb4oWoUIB8ph6C0MLr172dR2Vw=",
      "requires": {
        "primer-support": "4.6.0"
      }
    },
    "primer-core": {
      "version": "6.10.3",
      "resolved": "https://registry.npmjs.org/primer-core/-/primer-core-6.10.3.tgz",
      "integrity": "sha1-ySoguR9Kz28qvyA1u1xA4SpH+h8=",
      "requires": {
        "primer-base": "1.7.4",
        "primer-box": "2.5.9",
        "primer-breadcrumb": "1.5.5",
        "primer-buttons": "2.6.0",
        "primer-forms": "2.1.4",
        "primer-layout": "1.4.9",
        "primer-navigation": "1.5.7",
        "primer-pagination": "1.0.3",
        "primer-support": "4.6.0",
        "primer-table-object": "1.4.9",
        "primer-tooltips": "1.5.7",
        "primer-truncate": "1.4.9",
        "primer-utilities": "4.12.0"
      }
    },
    "primer-forms": {
      "version": "2.1.4",
      "resolved": "https://registry.npmjs.org/primer-forms/-/primer-forms-2.1.4.tgz",
      "integrity": "sha1-VfsMJTGtMDxVZclAHuSf6bw87Qk=",
      "requires": {
        "primer-support": "4.6.0"
      }
    },
    "primer-layout": {
      "version": "1.4.9",
      "resolved": "https://registry.npmjs.org/primer-layout/-/primer-layout-1.4.9.tgz",
      "integrity": "sha1-IfCmTBI8ZzH0T6EMI2pTJz5f09Y=",
      "requires": {
        "primer-support": "4.6.0"
      }
    },
    "primer-marketing": {
      "version": "6.3.1",
      "resolved": "https://registry.npmjs.org/primer-marketing/-/primer-marketing-6.3.1.tgz",
      "integrity": "sha512-day7yXV5wPlgmkHO4QoFxYqY7OBMLI8LZrdSzI45vL2ifDJPihl1PhFNd1xuqAqBCOsgppHJttMrRXrb5ph4tQ==",
      "requires": {
        "primer-marketing-buttons": "1.0.11",
        "primer-marketing-support": "1.5.4",
        "primer-marketing-type": "1.4.11",
        "primer-marketing-utilities": "1.7.1",
        "primer-page-headers": "1.5.1",
        "primer-page-sections": "1.5.1",
        "primer-support": "4.7.0",
        "primer-tables": "1.5.1"
      },
      "dependencies": {
        "primer-support": {
          "version": "4.7.0",
          "resolved": "https://registry.npmjs.org/primer-support/-/primer-support-4.7.0.tgz",
          "integrity": "sha512-vMUPjCGKVPgrRNGqZx2ULBHmg/r3TzsYqYG53qfVj34C5U0Vx+Mnq/upb0VOQNqeqvSOIgjjKyOzQfhyLyA/oQ=="
        }
      }
    },
    "primer-marketing-buttons": {
      "version": "1.0.11",
      "resolved": "https://registry.npmjs.org/primer-marketing-buttons/-/primer-marketing-buttons-1.0.11.tgz",
      "integrity": "sha512-N2bbkDqMr22npzGMLLEb2IDspMbA8uPr20aDMlckX7odNv/ASwTp5nhOofTjRfOFVne8WGLlJbdrjHWRExjLUQ==",
      "requires": {
        "primer-support": "4.7.0"
      },
      "dependencies": {
        "primer-support": {
          "version": "4.7.0",
          "resolved": "https://registry.npmjs.org/primer-support/-/primer-support-4.7.0.tgz",
          "integrity": "sha512-vMUPjCGKVPgrRNGqZx2ULBHmg/r3TzsYqYG53qfVj34C5U0Vx+Mnq/upb0VOQNqeqvSOIgjjKyOzQfhyLyA/oQ=="
        }
      }
    },
    "primer-marketing-support": {
      "version": "1.5.4",
      "resolved": "https://registry.npmjs.org/primer-marketing-support/-/primer-marketing-support-1.5.4.tgz",
      "integrity": "sha512-UQEAlPTQG2Z3gV0yneWRgVA15FB7MgQCylBReHICAp9cb3Fdny1aFoblt3qAWUvaas6LIZOwZF+hu9hxMNiJ1A=="
    },
    "primer-marketing-type": {
      "version": "1.4.11",
      "resolved": "https://registry.npmjs.org/primer-marketing-type/-/primer-marketing-type-1.4.11.tgz",
      "integrity": "sha512-7raZJCFcCrwHNk33i1i1UyEAcUXzBjFQ7TPwAYMCyS96+y1O/8kvOWjcIsnKzcl9qPzt5qgoPvRPBaGP2eB9lg==",
      "requires": {
        "primer-marketing-support": "1.5.4",
        "primer-support": "4.7.0"
      },
      "dependencies": {
        "primer-support": {
          "version": "4.7.0",
          "resolved": "https://registry.npmjs.org/primer-support/-/primer-support-4.7.0.tgz",
          "integrity": "sha512-vMUPjCGKVPgrRNGqZx2ULBHmg/r3TzsYqYG53qfVj34C5U0Vx+Mnq/upb0VOQNqeqvSOIgjjKyOzQfhyLyA/oQ=="
        }
      }
    },
    "primer-marketing-utilities": {
      "version": "1.7.1",
      "resolved": "https://registry.npmjs.org/primer-marketing-utilities/-/primer-marketing-utilities-1.7.1.tgz",
      "integrity": "sha512-RDwSXgeYW5awOhS77zdnCPEq8DOEoNXUzP9uh0TluplNbC9Dwv1DZuX/6kPy/2ChFA88qS7dAXMB3PSZu7Di5g==",
      "requires": {
        "primer-marketing-support": "1.5.4",
        "primer-support": "4.7.0"
      },
      "dependencies": {
        "primer-support": {
          "version": "4.7.0",
          "resolved": "https://registry.npmjs.org/primer-support/-/primer-support-4.7.0.tgz",
          "integrity": "sha512-vMUPjCGKVPgrRNGqZx2ULBHmg/r3TzsYqYG53qfVj34C5U0Vx+Mnq/upb0VOQNqeqvSOIgjjKyOzQfhyLyA/oQ=="
        }
      }
    },
    "primer-navigation": {
      "version": "1.5.7",
      "resolved": "https://registry.npmjs.org/primer-navigation/-/primer-navigation-1.5.7.tgz",
      "integrity": "sha1-HNaj0GND2FuwZI4LI05SNA6XS8s=",
      "requires": {
        "primer-support": "4.6.0"
      }
    },
    "primer-page-headers": {
      "version": "1.5.1",
      "resolved": "https://registry.npmjs.org/primer-page-headers/-/primer-page-headers-1.5.1.tgz",
      "integrity": "sha512-bn/9B1rapxXseLuzHDjla0iOwVPtDWhjXQb8o8vEgO8T4xAnnpL+/ci6ezmMRlrtUeWX5RtEWK6jAMRSnJyzNg==",
      "requires": {
        "primer-marketing-support": "1.5.4",
        "primer-support": "4.7.0"
      },
      "dependencies": {
        "primer-support": {
          "version": "4.7.0",
          "resolved": "https://registry.npmjs.org/primer-support/-/primer-support-4.7.0.tgz",
          "integrity": "sha512-vMUPjCGKVPgrRNGqZx2ULBHmg/r3TzsYqYG53qfVj34C5U0Vx+Mnq/upb0VOQNqeqvSOIgjjKyOzQfhyLyA/oQ=="
        }
      }
    },
    "primer-page-sections": {
      "version": "1.5.1",
      "resolved": "https://registry.npmjs.org/primer-page-sections/-/primer-page-sections-1.5.1.tgz",
      "integrity": "sha512-17TPKytQnYRRO5qBSvqfVK1dKQ9cKmBiBR7Hjq7QWt9dAJ0GPhc4yJ7Bcd1uxPeYkGVq9/bW3y5QyagAM35dbQ==",
      "requires": {
        "primer-marketing-support": "1.5.4",
        "primer-support": "4.7.0"
      },
      "dependencies": {
        "primer-support": {
          "version": "4.7.0",
          "resolved": "https://registry.npmjs.org/primer-support/-/primer-support-4.7.0.tgz",
          "integrity": "sha512-vMUPjCGKVPgrRNGqZx2ULBHmg/r3TzsYqYG53qfVj34C5U0Vx+Mnq/upb0VOQNqeqvSOIgjjKyOzQfhyLyA/oQ=="
        }
      }
    },
    "primer-pagination": {
      "version": "1.0.3",
      "resolved": "https://registry.npmjs.org/primer-pagination/-/primer-pagination-1.0.3.tgz",
      "integrity": "sha1-97g6SMUO3YgkTaU2gtyrn2aAkfs=",
      "requires": {
        "primer-support": "4.6.0"
      }
    },
    "primer-support": {
      "version": "4.6.0",
      "resolved": "https://registry.npmjs.org/primer-support/-/primer-support-4.6.0.tgz",
      "integrity": "sha1-Qq0w6+ox9/q7UpEnsyhk1sv8Kzw="
    },
    "primer-table-object": {
      "version": "1.4.9",
      "resolved": "https://registry.npmjs.org/primer-table-object/-/primer-table-object-1.4.9.tgz",
      "integrity": "sha1-9h9QgWrmhRgl/8trs6oVGvBF/WQ=",
      "requires": {
        "primer-support": "4.6.0"
      }
    },
    "primer-tables": {
      "version": "1.5.1",
      "resolved": "https://registry.npmjs.org/primer-tables/-/primer-tables-1.5.1.tgz",
      "integrity": "sha512-7RDVg6n6PaUmqoojWZSCgAT3wm5fleV6MbX3ekrtJpSTDzwIDN96yz5csVPwdX0MXyjE7cB9AA5o9A86obmbug==",
      "requires": {
        "primer-marketing-support": "1.5.4",
        "primer-support": "4.7.0"
      },
      "dependencies": {
        "primer-support": {
          "version": "4.7.0",
          "resolved": "https://registry.npmjs.org/primer-support/-/primer-support-4.7.0.tgz",
          "integrity": "sha512-vMUPjCGKVPgrRNGqZx2ULBHmg/r3TzsYqYG53qfVj34C5U0Vx+Mnq/upb0VOQNqeqvSOIgjjKyOzQfhyLyA/oQ=="
        }
      }
    },
    "primer-tooltips": {
      "version": "1.5.7",
      "resolved": "https://registry.npmjs.org/primer-tooltips/-/primer-tooltips-1.5.7.tgz",
      "integrity": "sha1-Z+/WldYEKspYWj3MJ1WUxdjXE1s=",
      "requires": {
        "primer-support": "4.6.0"
      }
    },
    "primer-truncate": {
      "version": "1.4.9",
      "resolved": "https://registry.npmjs.org/primer-truncate/-/primer-truncate-1.4.9.tgz",
      "integrity": "sha1-XAPkC9aUQ7TrmTG7/pra+Qfu3+8=",
      "requires": {
        "primer-support": "4.6.0"
      }
    },
    "primer-utilities": {
      "version": "4.12.0",
      "resolved": "https://registry.npmjs.org/primer-utilities/-/primer-utilities-4.12.0.tgz",
      "integrity": "sha1-eu5Y11ouIzJvas/kG1W7ySjSJE4=",
      "requires": {
        "primer-support": "4.6.0"
      }
    }
  }
}
